
Microsoft Visual Studio Solution File, Format Version 12.00
# Visual Studio Version 17
VisualStudioVersion = 17.9.34310.174
MinimumVisualStudioVersion = 10.0.40219.1
Project("{9A19103F-16F7-4668-BE54-9A1E7A4F7556}") = "PlayListGenerator.Core", "PlayListGenerator.Core\PlayListGenerator.Core.csproj", "{80923113-65D3-4AC5-A858-F4DDFBE70373}"
EndProject
Project("{9A19103F-16F7-4668-BE54-9A1E7A4F7556}") = "PlayListGenerator.ConsoleApp", "PlayListGenerator.ConsoleApp\PlayListGenerator.ConsoleApp.csproj", "{405230A8-61E0-46A9-8CFB-B9032CDCD4D5}"
EndProject
Project("{2150E333-8FDC-42A3-9474-1A3956D46DE8}") = "Solution Items", "Solution Items", "{F3F8ED83-56D0-4533-BA5C-B54C12A42A01}"
	ProjectSection(SolutionItems) = preProject
		.gitattributes = .gitattributes
		.gitignore = .gitignore
		Directory.Packages.props = Directory.Packages.props
		global.json = global.json
		NuGet.config = NuGet.config
	EndProjectSection
EndProject
Global
	GlobalSection(SolutionConfigurationPlatforms) = preSolution
		Debug|Any CPU = Debug|Any CPU
		Release|Any CPU = Release|Any CPU
	EndGlobalSection
	GlobalSection(ProjectConfigurationPlatforms) = postSolution
		{80923113-65D3-4AC5-A858-F4DDFBE70373}.Debug|Any CPU.ActiveCfg = Debug|Any CPU
		{80923113-65D3-4AC5-A858-F4DDFBE70373}.Debug|Any CPU.Build.0 = Debug|Any CPU
		{80923113-65D3-4AC5-A858-F4DDFBE70373}.Release|Any CPU.ActiveCfg = Release|Any CPU
		{80923113-65D3-4AC5-A858-F4DDFBE70373}.Release|Any CPU.Build.0 = Release|Any CPU
		{405230A8-61E0-46A9-8CFB-B9032CDCD4D5}.Debug|Any CPU.ActiveCfg = Debug|Any CPU
		{405230A8-61E0-46A9-8CFB-B9032CDCD4D5}.Debug|Any CPU.Build.0 = Debug|Any CPU
		{405230A8-61E0-46A9-8CFB-B9032CDCD4D5}.Release|Any CPU.ActiveCfg = Release|Any CPU
		{405230A8-61E0-46A9-8CFB-B9032CDCD4D5}.Release|Any CPU.Build.0 = Release|Any CPU
	EndGlobalSection
	GlobalSection(SolutionProperties) = preSolution
		HideSolutionNode = FALSE
	EndGlobalSection
	GlobalSection(ExtensibilityGlobals) = postSolution
		SolutionGuid = {8476314F-D111-4671-A9D9-C04FC4D8E902}
	EndGlobalSection
EndGlobal
